
Microsoft Visual Studio Solution File, Format Version 12.00
# Visual Studio Version 16
VisualStudioVersion = 16.0.30104.148
MinimumVisualStudioVersion = 10.0.40219.1
Project("{9A19103F-16F7-4668-BE54-9A1E7A4F7556}") = "TurkishExporterInventory", "TurkishExporterInventory.csproj", "{C3120058-91AC-4517-AC8E-403E0ADC79F0}"
EndProject
Project("{FAE04EC0-301F-11D3-BF4B-00C04F79EFBC}") = "TurkishExporterInventory.Database", "..\TurkishExporterInventory.Database\TurkishExporterInventory.Database.csproj", "{ECBD2EE0-28FD-4C72-958A-01EA188344C0}"
EndProject
Global
	GlobalSection(SolutionConfigurationPlatforms) = preSolution
		Debug|Any CPU = Debug|Any CPU
		Release|Any CPU = Release|Any CPU
	EndGlobalSection
	GlobalSection(ProjectConfigurationPlatforms) = postSolution
		{C3120058-91AC-4517-AC8E-403E0ADC79F0}.Debug|Any CPU.ActiveCfg = Debug|Any CPU
		{C3120058-91AC-4517-AC8E-403E0ADC79F0}.Debug|Any CPU.Build.0 = Debug|Any CPU
		{C3120058-91AC-4517-AC8E-403E0ADC79F0}.Release|Any CPU.ActiveCfg = Release|Any CPU
		{C3120058-91AC-4517-AC8E-403E0ADC79F0}.Release|Any CPU.Build.0 = Release|Any CPU
		{ECBD2EE0-28FD-4C72-958A-01EA188344C0}.Debug|Any CPU.ActiveCfg = Debug|Any CPU
		{ECBD2EE0-28FD-4C72-958A-01EA188344C0}.Debug|Any CPU.Build.0 = Debug|Any CPU
		{ECBD2EE0-28FD-4C72-958A-01EA188344C0}.Release|Any CPU.ActiveCfg = Release|Any CPU
		{ECBD2EE0-28FD-4C72-958A-01EA188344C0}.Release|Any CPU.Build.0 = Release|Any CPU
	EndGlobalSection
	GlobalSection(SolutionProperties) = preSolution
		HideSolutionNode = FALSE
	EndGlobalSection
	GlobalSection(ExtensibilityGlobals) = postSolution
		SolutionGuid = {3E57F8E1-A559-4BF9-85AF-4A6B5599CCDF}
	EndGlobalSection
EndGlobal
